
Microsoft Visual Studio Solution File, Format Version 12.00
# Visual Studio Version 16
VisualStudioVersion = 16.0.31424.327
MinimumVisualStudioVersion = 10.0.40219.1
Project("{FAE04EC0-301F-11D3-BF4B-00C04F79EFBC}") = "Console.UI", "Console.UI\Console.UI.csproj", "{45BC18AE-8E8B-4645-B28F-F508CFBA9CB6}"
EndProject
Project("{FAE04EC0-301F-11D3-BF4B-00C04F79EFBC}") = "DataManipulation.Lib", "DataManipulation.Lib\DataManipulation.Lib.csproj", "{DCAC16A6-BC53-41D3-9EB2-54C18E1B9937}"
EndProject
Project("{FAE04EC0-301F-11D3-BF4B-00C04F79EFBC}") = "FileOps.Lib", "FileOps.Lib\FileOps.Lib.csproj", "{3EEA818D-EAB0-4F17-BEFF-D3353CB37BD4}"
EndProject
Global
	GlobalSection(SolutionConfigurationPlatforms) = preSolution
		Debug|Any CPU = Debug|Any CPU
		Release|Any CPU = Release|Any CPU
	EndGlobalSection
	GlobalSection(ProjectConfigurationPlatforms) = postSolution
		{45BC18AE-8E8B-4645-B28F-F508CFBA9CB6}.Debug|Any CPU.ActiveCfg = Debug|Any CPU
		{45BC18AE-8E8B-4645-B28F-F508CFBA9CB6}.Debug|Any CPU.Build.0 = Debug|Any CPU
		{45BC18AE-8E8B-4645-B28F-F508CFBA9CB6}.Release|Any CPU.ActiveCfg = Release|Any CPU
		{45BC18AE-8E8B-4645-B28F-F508CFBA9CB6}.Release|Any CPU.Build.0 = Release|Any CPU
		{DCAC16A6-BC53-41D3-9EB2-54C18E1B9937}.Debug|Any CPU.ActiveCfg = Debug|Any CPU
		{DCAC16A6-BC53-41D3-9EB2-54C18E1B9937}.Debug|Any CPU.Build.0 = Debug|Any CPU
		{DCAC16A6-BC53-41D3-9EB2-54C18E1B9937}.Release|Any CPU.ActiveCfg = Release|Any CPU
		{DCAC16A6-BC53-41D3-9EB2-54C18E1B9937}.Release|Any CPU.Build.0 = Release|Any CPU
		{3EEA818D-EAB0-4F17-BEFF-D3353CB37BD4}.Debug|Any CPU.ActiveCfg = Debug|Any CPU
		{3EEA818D-EAB0-4F17-BEFF-D3353CB37BD4}.Debug|Any CPU.Build.0 = Debug|Any CPU
		{3EEA818D-EAB0-4F17-BEFF-D3353CB37BD4}.Release|Any CPU.ActiveCfg = Release|Any CPU
		{3EEA818D-EAB0-4F17-BEFF-D3353CB37BD4}.Release|Any CPU.Build.0 = Release|Any CPU
	EndGlobalSection
	GlobalSection(SolutionProperties) = preSolution
		HideSolutionNode = FALSE
	EndGlobalSection
	GlobalSection(ExtensibilityGlobals) = postSolution
		SolutionGuid = {6AB05839-0C87-4462-AD5B-17F1FEDC05CC}
	EndGlobalSection
EndGlobal
